
Microsoft Visual Studio Solution File, Format Version 12.00
# Visual Studio Version 16
VisualStudioVersion = 16.0.29709.97
MinimumVisualStudioVersion = 10.0.40219.1
Project("{9A19103F-16F7-4668-BE54-9A1E7A4F7556}") = "Battery Service Support", "Battery Service Support\Battery Service Support.csproj", "{AEFB0360-2500-40E0-92AE-C1B60B66186C}"
EndProject
Project("{9A19103F-16F7-4668-BE54-9A1E7A4F7556}") = "DAL", "DAL\DAL.csproj", "{4FC8CDC8-C2A7-41E8-B4B0-A1D1920E6D28}"
EndProject
Project("{9A19103F-16F7-4668-BE54-9A1E7A4F7556}") = "Model", "Model\Model.csproj", "{BAFCE9D1-4A15-4287-9262-FC90C0ADB5D3}"
EndProject
Project("{9A19103F-16F7-4668-BE54-9A1E7A4F7556}") = "BLL", "BLL\BLL.csproj", "{901A1A38-7377-4615-A3ED-36164532C2EA}"
EndProject
Project("{FAE04EC0-301F-11D3-BF4B-00C04F79EFBC}") = "ViewModel", "ViewModel\ViewModel.csproj", "{7DF26B58-3B65-45BC-AB39-02B40781C4C9}"
EndProject
Global
	GlobalSection(SolutionConfigurationPlatforms) = preSolution
		Debug|Any CPU = Debug|Any CPU
		Release|Any CPU = Release|Any CPU
	EndGlobalSection
	GlobalSection(ProjectConfigurationPlatforms) = postSolution
		{AEFB0360-2500-40E0-92AE-C1B60B66186C}.Debug|Any CPU.ActiveCfg = Debug|Any CPU
		{AEFB0360-2500-40E0-92AE-C1B60B66186C}.Debug|Any CPU.Build.0 = Debug|Any CPU
		{AEFB0360-2500-40E0-92AE-C1B60B66186C}.Release|Any CPU.ActiveCfg = Release|Any CPU
		{AEFB0360-2500-40E0-92AE-C1B60B66186C}.Release|Any CPU.Build.0 = Release|Any CPU
		{4FC8CDC8-C2A7-41E8-B4B0-A1D1920E6D28}.Debug|Any CPU.ActiveCfg = Debug|Any CPU
		{4FC8CDC8-C2A7-41E8-B4B0-A1D1920E6D28}.Debug|Any CPU.Build.0 = Debug|Any CPU
		{4FC8CDC8-C2A7-41E8-B4B0-A1D1920E6D28}.Release|Any CPU.ActiveCfg = Release|Any CPU
		{4FC8CDC8-C2A7-41E8-B4B0-A1D1920E6D28}.Release|Any CPU.Build.0 = Release|Any CPU
		{BAFCE9D1-4A15-4287-9262-FC90C0ADB5D3}.Debug|Any CPU.ActiveCfg = Debug|Any CPU
		{BAFCE9D1-4A15-4287-9262-FC90C0ADB5D3}.Debug|Any CPU.Build.0 = Debug|Any CPU
		{BAFCE9D1-4A15-4287-9262-FC90C0ADB5D3}.Release|Any CPU.ActiveCfg = Release|Any CPU
		{BAFCE9D1-4A15-4287-9262-FC90C0ADB5D3}.Release|Any CPU.Build.0 = Release|Any CPU
		{901A1A38-7377-4615-A3ED-36164532C2EA}.Debug|Any CPU.ActiveCfg = Debug|Any CPU
		{901A1A38-7377-4615-A3ED-36164532C2EA}.Debug|Any CPU.Build.0 = Debug|Any CPU
		{901A1A38-7377-4615-A3ED-36164532C2EA}.Release|Any CPU.ActiveCfg = Release|Any CPU
		{901A1A38-7377-4615-A3ED-36164532C2EA}.Release|Any CPU.Build.0 = Release|Any CPU
		{7DF26B58-3B65-45BC-AB39-02B40781C4C9}.Debug|Any CPU.ActiveCfg = Debug|Any CPU
		{7DF26B58-3B65-45BC-AB39-02B40781C4C9}.Debug|Any CPU.Build.0 = Debug|Any CPU
		{7DF26B58-3B65-45BC-AB39-02B40781C4C9}.Release|Any CPU.ActiveCfg = Release|Any CPU
		{7DF26B58-3B65-45BC-AB39-02B40781C4C9}.Release|Any CPU.Build.0 = Release|Any CPU
	EndGlobalSection
	GlobalSection(SolutionProperties) = preSolution
		HideSolutionNode = FALSE
	EndGlobalSection
	GlobalSection(ExtensibilityGlobals) = postSolution
		SolutionGuid = {43603AA2-D643-47C7-8B4B-E1C62062C160}
	EndGlobalSection
EndGlobal
